
Microsoft Visual Studio Solution File, Format Version 12.00
# Visual Studio Version 16
VisualStudioVersion = 16.0.30907.101
MinimumVisualStudioVersion = 10.0.40219.1
Project("{9A19103F-16F7-4668-BE54-9A1E7A4F7556}") = "5HaftaOdevOyunYazilimi", "5HaftaOdevOyunYazılımı\5HaftaOdevOyunYazilimi.csproj", "{0EE6705B-7E01-4D28-BD98-EC051030D9D5}"
EndProject
Global
	GlobalSection(SolutionConfigurationPlatforms) = preSolution
		Debug|Any CPU = Debug|Any CPU
		Release|Any CPU = Release|Any CPU
	EndGlobalSection
	GlobalSection(ProjectConfigurationPlatforms) = postSolution
		{0EE6705B-7E01-4D28-BD98-EC051030D9D5}.Debug|Any CPU.ActiveCfg = Debug|Any CPU
		{0EE6705B-7E01-4D28-BD98-EC051030D9D5}.Debug|Any CPU.Build.0 = Debug|Any CPU
		{0EE6705B-7E01-4D28-BD98-EC051030D9D5}.Release|Any CPU.ActiveCfg = Release|Any CPU
		{0EE6705B-7E01-4D28-BD98-EC051030D9D5}.Release|Any CPU.Build.0 = Release|Any CPU
	EndGlobalSection
	GlobalSection(SolutionProperties) = preSolution
		HideSolutionNode = FALSE
	EndGlobalSection
	GlobalSection(ExtensibilityGlobals) = postSolution
		SolutionGuid = {35C9FCBC-A4A6-4E1E-A7A2-5F743E243F3D}
	EndGlobalSection
EndGlobal
